
Microsoft Visual Studio Solution File, Format Version 12.00
# Visual Studio Version 17
VisualStudioVersion = 17.3.32819.101
MinimumVisualStudioVersion = 10.0.40219.1
Project("{FAE04EC0-301F-11D3-BF4B-00C04F79EFBC}") = "Exercise10", "Exercise10\Exercise10.csproj", "{69706FB6-EEEE-4036-A543-63C9E1E610E0}"
EndProject
Global
	GlobalSection(SolutionConfigurationPlatforms) = preSolution
		Debug|Any CPU = Debug|Any CPU
		Release|Any CPU = Release|Any CPU
	EndGlobalSection
	GlobalSection(ProjectConfigurationPlatforms) = postSolution
		{69706FB6-EEEE-4036-A543-63C9E1E610E0}.Debug|Any CPU.ActiveCfg = Debug|Any CPU
		{69706FB6-EEEE-4036-A543-63C9E1E610E0}.Debug|Any CPU.Build.0 = Debug|Any CPU
		{69706FB6-EEEE-4036-A543-63C9E1E610E0}.Release|Any CPU.ActiveCfg = Release|Any CPU
		{69706FB6-EEEE-4036-A543-63C9E1E610E0}.Release|Any CPU.Build.0 = Release|Any CPU
	EndGlobalSection
	GlobalSection(SolutionProperties) = preSolution
		HideSolutionNode = FALSE
	EndGlobalSection
	GlobalSection(ExtensibilityGlobals) = postSolution
		SolutionGuid = {E9A3279A-4FB2-4794-A3EA-6533BE6C529A}
	EndGlobalSection
EndGlobal
